
Microsoft Visual Studio Solution File, Format Version 12.00
# TcXaeShell Solution File, Format Version 11.00
VisualStudioVersion = 15.0.33403.129
MinimumVisualStudioVersion = 10.0.40219.1
Project("{B1E792BE-AA5F-4E3C-8C82-674BF9C0715B}") = "PLC-CX9020-Target", "PLC-CX9020-Target\PLC-CX9020-Target.tsproj", "{04CFFFF9-BF45-44B8-B622-9E1CDAE313AB}"
EndProject
Global
	GlobalSection(SolutionConfigurationPlatforms) = preSolution
		Debug|TwinCAT CE7 (ARMV7) = Debug|TwinCAT CE7 (ARMV7)
		Debug|TwinCAT OS (ARMT2) = Debug|TwinCAT OS (ARMT2)
		Debug|TwinCAT RT (x64) = Debug|TwinCAT RT (x64)
		Debug|TwinCAT RT (x86) = Debug|TwinCAT RT (x86)
		Release|TwinCAT CE7 (ARMV7) = Release|TwinCAT CE7 (ARMV7)
		Release|TwinCAT OS (ARMT2) = Release|TwinCAT OS (ARMT2)
		Release|TwinCAT RT (x64) = Release|TwinCAT RT (x64)
		Release|TwinCAT RT (x86) = Release|TwinCAT RT (x86)
	EndGlobalSection
	GlobalSection(ProjectConfigurationPlatforms) = postSolution
		{04CFFFF9-BF45-44B8-B622-9E1CDAE313AB}.Debug|TwinCAT CE7 (ARMV7).ActiveCfg = Debug|TwinCAT CE7 (ARMV7)
		{04CFFFF9-BF45-44B8-B622-9E1CDAE313AB}.Debug|TwinCAT CE7 (ARMV7).Build.0 = Debug|TwinCAT CE7 (ARMV7)
		{04CFFFF9-BF45-44B8-B622-9E1CDAE313AB}.Debug|TwinCAT OS (ARMT2).ActiveCfg = Debug|TwinCAT OS (ARMT2)
		{04CFFFF9-BF45-44B8-B622-9E1CDAE313AB}.Debug|TwinCAT OS (ARMT2).Build.0 = Debug|TwinCAT OS (ARMT2)
		{04CFFFF9-BF45-44B8-B622-9E1CDAE313AB}.Debug|TwinCAT RT (x64).ActiveCfg = Debug|TwinCAT RT (x64)
		{04CFFFF9-BF45-44B8-B622-9E1CDAE313AB}.Debug|TwinCAT RT (x64).Build.0 = Debug|TwinCAT RT (x64)
		{04CFFFF9-BF45-44B8-B622-9E1CDAE313AB}.Debug|TwinCAT RT (x86).ActiveCfg = Debug|TwinCAT RT (x86)
		{04CFFFF9-BF45-44B8-B622-9E1CDAE313AB}.Debug|TwinCAT RT (x86).Build.0 = Debug|TwinCAT RT (x86)
		{04CFFFF9-BF45-44B8-B622-9E1CDAE313AB}.Release|TwinCAT CE7 (ARMV7).ActiveCfg = Release|TwinCAT CE7 (ARMV7)
		{04CFFFF9-BF45-44B8-B622-9E1CDAE313AB}.Release|TwinCAT CE7 (ARMV7).Build.0 = Release|TwinCAT CE7 (ARMV7)
		{04CFFFF9-BF45-44B8-B622-9E1CDAE313AB}.Release|TwinCAT OS (ARMT2).ActiveCfg = Release|TwinCAT OS (ARMT2)
		{04CFFFF9-BF45-44B8-B622-9E1CDAE313AB}.Release|TwinCAT OS (ARMT2).Build.0 = Release|TwinCAT OS (ARMT2)
		{04CFFFF9-BF45-44B8-B622-9E1CDAE313AB}.Release|TwinCAT RT (x64).ActiveCfg = Release|TwinCAT RT (x64)
		{04CFFFF9-BF45-44B8-B622-9E1CDAE313AB}.Release|TwinCAT RT (x64).Build.0 = Release|TwinCAT RT (x64)
		{04CFFFF9-BF45-44B8-B622-9E1CDAE313AB}.Release|TwinCAT RT (x86).ActiveCfg = Release|TwinCAT RT (x86)
		{04CFFFF9-BF45-44B8-B622-9E1CDAE313AB}.Release|TwinCAT RT (x86).Build.0 = Release|TwinCAT RT (x86)
		{05C8FDE4-1820-4C86-B8FB-6008A2F71C7C}.Debug|TwinCAT CE7 (ARMV7).ActiveCfg = Debug|TwinCAT CE7 (ARMV7)
		{05C8FDE4-1820-4C86-B8FB-6008A2F71C7C}.Debug|TwinCAT CE7 (ARMV7).Build.0 = Debug|TwinCAT CE7 (ARMV7)
		{05C8FDE4-1820-4C86-B8FB-6008A2F71C7C}.Debug|TwinCAT OS (ARMT2).ActiveCfg = Debug|TwinCAT OS (ARMT2)
		{05C8FDE4-1820-4C86-B8FB-6008A2F71C7C}.Debug|TwinCAT OS (ARMT2).Build.0 = Debug|TwinCAT OS (ARMT2)
		{05C8FDE4-1820-4C86-B8FB-6008A2F71C7C}.Debug|TwinCAT RT (x64).ActiveCfg = Debug|TwinCAT RT (x64)
		{05C8FDE4-1820-4C86-B8FB-6008A2F71C7C}.Debug|TwinCAT RT (x64).Build.0 = Debug|TwinCAT RT (x64)
		{05C8FDE4-1820-4C86-B8FB-6008A2F71C7C}.Debug|TwinCAT RT (x86).ActiveCfg = Debug|TwinCAT RT (x86)
		{05C8FDE4-1820-4C86-B8FB-6008A2F71C7C}.Debug|TwinCAT RT (x86).Build.0 = Debug|TwinCAT RT (x86)
		{05C8FDE4-1820-4C86-B8FB-6008A2F71C7C}.Release|TwinCAT CE7 (ARMV7).ActiveCfg = Release|TwinCAT CE7 (ARMV7)
		{05C8FDE4-1820-4C86-B8FB-6008A2F71C7C}.Release|TwinCAT CE7 (ARMV7).Build.0 = Release|TwinCAT CE7 (ARMV7)
		{05C8FDE4-1820-4C86-B8FB-6008A2F71C7C}.Release|TwinCAT OS (ARMT2).ActiveCfg = Release|TwinCAT OS (ARMT2)
		{05C8FDE4-1820-4C86-B8FB-6008A2F71C7C}.Release|TwinCAT OS (ARMT2).Build.0 = Release|TwinCAT OS (ARMT2)
		{05C8FDE4-1820-4C86-B8FB-6008A2F71C7C}.Release|TwinCAT RT (x64).ActiveCfg = Release|TwinCAT RT (x64)
		{05C8FDE4-1820-4C86-B8FB-6008A2F71C7C}.Release|TwinCAT RT (x64).Build.0 = Release|TwinCAT RT (x64)
		{05C8FDE4-1820-4C86-B8FB-6008A2F71C7C}.Release|TwinCAT RT (x86).ActiveCfg = Release|TwinCAT RT (x86)
		{05C8FDE4-1820-4C86-B8FB-6008A2F71C7C}.Release|TwinCAT RT (x86).Build.0 = Release|TwinCAT RT (x86)
	EndGlobalSection
	GlobalSection(SolutionProperties) = preSolution
		HideSolutionNode = FALSE
	EndGlobalSection
	GlobalSection(ExtensibilityGlobals) = postSolution
		SolutionGuid = {10EA7C37-D935-4229-B623-BCA8779088B8}
	EndGlobalSection
EndGlobal
